#MicroXplorer Configuration settings - do not modify
CAD.formats=
CAD.pinconfig=
CAD.provider=
CORTEX_M7.CPU_DCache=Enabled
CORTEX_M7.CPU_ICache=Enabled
CORTEX_M7.IPParameters=CPU_ICache,CPU_DCache
DSIHOST.BTA_FlowControl=__NULL
DSIHOST.ClockLaneLP2HSTime=36
DSIHOST.DataLaneHS2LPTime=18
DSIHOST.DataLaneLP2HSTime=17
DSIHOST.GCEIE=HAL_DSI_ERROR_NONE
DSIHOST.HorizontalBackPorch=80
DSIHOST.HorizontalLine=1994
DSIHOST.HorizontalSyncActive=11
DSIHOST.IPParameters=NumberOfLanes,ClockLaneLP2HSTime,DataLaneHS2LPTime,DataLaneLP2HSTime,GCEIE,LPCommandEnable,LPVACTLargestPacketSize,LPLargestPacketSize,Mode,HorizontalSyncActive,HorizontalBackPorch,HorizontalLine,LPHorizontalFrontPorchEnable,LPHorizontalBackPorchEnable,LPVerticalFrontPorchEnable,LPVerticalActiveEnable,LPVerticalBackPorchEnable,LPVerticalSyncActiveEnable,BTA_FlowControl
DSIHOST.LPCommandEnable=DSI_LP_COMMAND_ENABLE
DSIHOST.LPHorizontalBackPorchEnable=DSI_LP_HBP_ENABLE
DSIHOST.LPHorizontalFrontPorchEnable=DSI_LP_HFP_ENABLE
DSIHOST.LPLargestPacketSize=28
DSIHOST.LPVACTLargestPacketSize=8
DSIHOST.LPVerticalActiveEnable=DSI_LP_VACT_ENABLE
DSIHOST.LPVerticalBackPorchEnable=DSI_LP_VBP_ENABLE
DSIHOST.LPVerticalFrontPorchEnable=DSI_LP_VFP_ENABLE
DSIHOST.LPVerticalSyncActiveEnable=DSI_LP_VSYNC_ENABLE
DSIHOST.Mode=DSI_VID_MODE_BURST
DSIHOST.NumberOfLanes=DSI_TWO_DATA_LANES
DSIHOST_CKN.Mode=DSIHost_Video
DSIHOST_CKN.Signal=DSIHOST_CKN
DSIHOST_CKP.Mode=DSIHost_Video
DSIHOST_CKP.Signal=DSIHOST_CKP
DSIHOST_D0N.Mode=DSIHost_Video
DSIHOST_D0N.Signal=DSIHOST_D0N
DSIHOST_D0P.Mode=DSIHost_Video
DSIHOST_D0P.Signal=DSIHOST_D0P
DSIHOST_D1N.Mode=DSIHost_Video
DSIHOST_D1N.Signal=DSIHOST_D1N
DSIHOST_D1P.Mode=DSIHost_Video
DSIHOST_D1P.Signal=DSIHOST_D1P
FMC.CASLatency1=FMC_SDRAM_CAS_LATENCY_3
FMC.ColumnBitsNumber1=FMC_SDRAM_COLUMN_BITS_NUM_8
FMC.ExitSelfRefreshDelay1=7
FMC.IPParameters=ColumnBitsNumber1,CASLatency1,WriteProtection1,SDClockPeriod1,ReadBurst1,LoadToActiveDelay1,ExitSelfRefreshDelay1,SelfRefreshTime1,RowCycleDelay1,WriteRecoveryTime1,RPDelay1,RCDDelay1
FMC.LoadToActiveDelay1=2
FMC.RCDDelay1=2
FMC.RPDelay1=2
FMC.ReadBurst1=FMC_SDRAM_RBURST_ENABLE
FMC.RowCycleDelay1=7
FMC.SDClockPeriod1=FMC_SDRAM_CLOCK_PERIOD_2
FMC.SelfRefreshTime1=4
FMC.WriteProtection1=FMC_SDRAM_WRITE_PROTECTION_DISABLE
FMC.WriteRecoveryTime1=3
File.Version=6
KeepUserPlacement=false
LTDC.ActiveW=800
LTDC.Alpha0_L0=255
LTDC.Alpha_L0=255
LTDC.Blue_L0=255
LTDC.FBStartAdress_L0=0xC0000000
LTDC.Green_L0=255
LTDC.HBP=35
LTDC.HFP=35
LTDC.HSync=5
LTDC.IPParameters=Red,HSync,HBP,ActiveW,HFP,VSync,VBP,VFP,Layers,WindowX0_L0,WindowX1_L0,WindowY0_L0,WindowY1_L0,Alpha_L0,ImageWidth_L0,ImageHeight_L0,Blue_L0,Green_L0,Red_L0,Alpha0_L0,FBStartAdress_L0
LTDC.ImageHeight_L0=240
LTDC.ImageWidth_L0=320
LTDC.Layers=0
LTDC.Red=0
LTDC.Red_L0=255
LTDC.VBP=20
LTDC.VFP=20
LTDC.VSync=2
LTDC.WindowX0_L0=240
LTDC.WindowX1_L0=560
LTDC.WindowY0_L0=120
LTDC.WindowY1_L0=360
Mcu.CPN=STM32F769NIH6
Mcu.Family=STM32F7
Mcu.IP0=CORTEX_M7
Mcu.IP1=DSIHOST
Mcu.IP2=FMC
Mcu.IP3=LTDC
Mcu.IP4=NVIC
Mcu.IP5=RCC
Mcu.IP6=SYS
Mcu.IPNb=7
Mcu.Name=STM32F769NIHx
Mcu.Package=TFBGA216
Mcu.Pin0=PE1
Mcu.Pin1=PE0
Mcu.Pin10=PF0
Mcu.Pin11=PI5
Mcu.Pin12=PI7
Mcu.Pin13=PI10
Mcu.Pin14=PI6
Mcu.Pin15=PJ15
Mcu.Pin16=PH15
Mcu.Pin17=PI1
Mcu.Pin18=PF1
Mcu.Pin19=PI9
Mcu.Pin2=PA14
Mcu.Pin20=PH13
Mcu.Pin21=PH14
Mcu.Pin22=PI0
Mcu.Pin23=DSIHOST_D1P
Mcu.Pin24=DSIHOST_D1N
Mcu.Pin25=PH0/OSC_IN
Mcu.Pin26=PF2
Mcu.Pin27=PH1/OSC_OUT
Mcu.Pin28=PF3
Mcu.Pin29=PI14
Mcu.Pin3=PA13
Mcu.Pin30=DSIHOST_CKP
Mcu.Pin31=DSIHOST_CKN
Mcu.Pin32=PG8
Mcu.Pin33=PF4
Mcu.Pin34=PH5
Mcu.Pin35=PH3
Mcu.Pin36=DSIHOST_D0P
Mcu.Pin37=DSIHOST_D0N
Mcu.Pin38=PF5
Mcu.Pin39=PH2
Mcu.Pin4=PG15
Mcu.Pin40=PD15
Mcu.Pin41=PD10
Mcu.Pin42=PD14
Mcu.Pin43=PD9
Mcu.Pin44=PD8
Mcu.Pin45=PF12
Mcu.Pin46=PG1
Mcu.Pin47=PF15
Mcu.Pin48=PH12
Mcu.Pin49=PF13
Mcu.Pin5=PD0
Mcu.Pin50=PG0
Mcu.Pin51=PE8
Mcu.Pin52=PG5
Mcu.Pin53=PG4
Mcu.Pin54=PH9
Mcu.Pin55=PH11
Mcu.Pin56=PF14
Mcu.Pin57=PF11
Mcu.Pin58=PE9
Mcu.Pin59=PE11
Mcu.Pin6=PI4
Mcu.Pin60=PE14
Mcu.Pin61=PH8
Mcu.Pin62=PH10
Mcu.Pin63=PE7
Mcu.Pin64=PE10
Mcu.Pin65=PE12
Mcu.Pin66=PE15
Mcu.Pin67=PE13
Mcu.Pin68=VP_LTDC_DSIMode
Mcu.Pin7=PD1
Mcu.Pin8=PI3
Mcu.Pin9=PI2
Mcu.PinsNb=69
Mcu.ThirdPartyNb=0
Mcu.UserConstants=
Mcu.UserName=STM32F769NIHx
MxCube.Version=6.7.0
MxDb.Version=DB.6.0.70
NVIC.BusFault_IRQn=true\:0\:0\:false\:false\:true\:false\:false\:false
NVIC.DebugMonitor_IRQn=true\:0\:0\:false\:false\:true\:false\:false\:false
NVIC.ForceEnableDMAVector=true
NVIC.HardFault_IRQn=true\:0\:0\:false\:false\:true\:false\:false\:false
NVIC.MemoryManagement_IRQn=true\:0\:0\:false\:false\:true\:false\:false\:false
NVIC.NonMaskableInt_IRQn=true\:0\:0\:false\:false\:true\:false\:false\:false
NVIC.PendSV_IRQn=true\:0\:0\:false\:false\:true\:false\:false\:false
NVIC.PriorityGroup=NVIC_PRIORITYGROUP_4
NVIC.SVCall_IRQn=true\:0\:0\:false\:false\:true\:false\:false\:false
NVIC.SysTick_IRQn=true\:15\:0\:false\:false\:true\:false\:true\:false
NVIC.UsageFault_IRQn=true\:0\:0\:false\:false\:true\:false\:false\:false
PA13.Mode=Serial_Wire
PA13.Signal=SYS_JTMS-SWDIO
PA14.Mode=Serial_Wire
PA14.Signal=SYS_JTCK-SWCLK
PD0.Signal=FMC_D2_DA2
PD1.Signal=FMC_D3_DA3
PD10.Signal=FMC_D15_DA15
PD14.Signal=FMC_D0_DA0
PD15.Signal=FMC_D1_DA1
PD8.Signal=FMC_D13_DA13
PD9.Signal=FMC_D14_DA14
PE0.Signal=FMC_NBL0
PE1.Signal=FMC_NBL1
PE10.Signal=FMC_D7_DA7
PE11.Signal=FMC_D8_DA8
PE12.Signal=FMC_D9_DA9
PE13.Signal=FMC_D10_DA10
PE14.Signal=FMC_D11_DA11
PE15.Signal=FMC_D12_DA12
PE7.Signal=FMC_D4_DA4
PE8.Signal=FMC_D5_DA5
PE9.Signal=FMC_D6_DA6
PF0.Signal=FMC_A0
PF1.Signal=FMC_A1
PF11.Signal=FMC_SDNRAS
PF12.Signal=FMC_A6
PF13.Signal=FMC_A7
PF14.Signal=FMC_A8
PF15.Signal=FMC_A9
PF2.Signal=FMC_A2
PF3.Signal=FMC_A3
PF4.Signal=FMC_A4
PF5.Signal=FMC_A5
PG0.Signal=FMC_A10
PG1.Signal=FMC_A11
PG15.Signal=FMC_SDNCAS
PG4.Signal=FMC_A14_BA0
PG5.Signal=FMC_A15_BA1
PG8.Signal=FMC_SDCLK
PH0/OSC_IN.Mode=HSE-External-Oscillator
PH0/OSC_IN.Signal=RCC_OSC_IN
PH1/OSC_OUT.Mode=HSE-External-Oscillator
PH1/OSC_OUT.Signal=RCC_OSC_OUT
PH10.Signal=FMC_D18
PH11.Signal=FMC_D19
PH12.Signal=FMC_D20
PH13.Signal=FMC_D21
PH14.Signal=FMC_D22
PH15.Signal=FMC_D23
PH2.Mode=SdramChipSelect1_1
PH2.Signal=FMC_SDCKE0
PH3.Mode=SdramChipSelect1_1
PH3.Signal=FMC_SDNE0
PH5.Signal=FMC_SDNWE
PH8.Signal=FMC_D16
PH9.Signal=FMC_D17
PI0.Signal=FMC_D24
PI1.Signal=FMC_D25
PI10.Signal=FMC_D31
PI14.GPIOParameters=GPIO_PuPd,GPIO_Label
PI14.GPIO_Label=LCD_BL
PI14.GPIO_PuPd=GPIO_PULLDOWN
PI14.Locked=true
PI14.Signal=GPIO_Output
PI2.Signal=FMC_D26
PI3.Signal=FMC_D27
PI4.Signal=FMC_NBL2
PI5.Signal=FMC_NBL3
PI6.Signal=FMC_D28
PI7.Signal=FMC_D29
PI9.Signal=FMC_D30
PJ15.GPIOParameters=GPIO_PuPd,GPIO_Label
PJ15.GPIO_Label=LCD_RESET
PJ15.GPIO_PuPd=GPIO_PULLUP
PJ15.Locked=true
PJ15.Signal=GPIO_Output
PinOutPanel.CurrentBGAView=Top
PinOutPanel.RotationAngle=0
ProjectManager.AskForMigrate=true
ProjectManager.BackupPrevious=false
ProjectManager.CompilerOptimize=6
ProjectManager.ComputerToolchain=false
ProjectManager.CoupleFile=true
ProjectManager.CustomerFirmwarePackage=
ProjectManager.DefaultFWLocation=true
ProjectManager.DeletePrevious=true
ProjectManager.DeviceId=STM32F769NIHx
ProjectManager.FirmwarePackage=STM32Cube FW_F7 V1.17.0
ProjectManager.FreePins=false
ProjectManager.HalAssertFull=false
ProjectManager.HeapSize=0x200
ProjectManager.KeepUserCode=true
ProjectManager.LastFirmware=true
ProjectManager.LibraryCopy=1
ProjectManager.MainLocation=Core/Src
ProjectManager.NoMain=false
ProjectManager.PreviousToolchain=
ProjectManager.ProjectBuild=false
ProjectManager.ProjectFileName=STM32F769.ioc
ProjectManager.ProjectName=STM32F769
ProjectManager.RegisterCallBack=
ProjectManager.StackSize=0x400
ProjectManager.TargetToolchain=STM32CubeIDE
ProjectManager.ToolChainLocation=
ProjectManager.UnderRoot=true
ProjectManager.functionlistsort=1-SystemClock_Config-RCC-false-HAL-false,2-MX_GPIO_Init-GPIO-false-HAL-true,3-MX_FMC_Init-FMC-false-HAL-true,4-MX_LTDC_Init-LTDC-false-HAL-true,5-MX_DSIHOST_DSI_Init-DSIHOST-false-HAL-true,0-MX_CORTEX_M7_Init-CORTEX_M7-false-HAL-true
RCC.AHBFreq_Value=216000000
RCC.APB1CLKDivider=RCC_HCLK_DIV4
RCC.APB1Freq_Value=54000000
RCC.APB1TimFreq_Value=108000000
RCC.APB2CLKDivider=RCC_HCLK_DIV2
RCC.APB2Freq_Value=108000000
RCC.APB2TimFreq_Value=216000000
RCC.CECFreq_Value=32786.88524590164
RCC.CortexFreq_Value=216000000
RCC.DFSDMAudioFreq_Value=192000000
RCC.DFSDMFreq_Value=108000000
RCC.DSIFreq_Value=62500000
RCC.DSITXEscFreq_Value=15625000
RCC.EthernetFreq_Value=216000000
RCC.FCLKCortexFreq_Value=216000000
RCC.FamilyName=M
RCC.HCLKFreq_Value=216000000
RCC.HSE_VALUE=25000000
RCC.HSI_VALUE=16000000
RCC.I2C1Freq_Value=54000000
RCC.I2C2Freq_Value=54000000
RCC.I2C3Freq_Value=54000000
RCC.I2C4Freq_Value=54000000
RCC.I2SFreq_Value=96000000
RCC.IPParameters=AHBFreq_Value,APB1CLKDivider,APB1Freq_Value,APB1TimFreq_Value,APB2CLKDivider,APB2Freq_Value,APB2TimFreq_Value,CECFreq_Value,CortexFreq_Value,DFSDMAudioFreq_Value,DFSDMFreq_Value,DSIFreq_Value,DSITXEscFreq_Value,EthernetFreq_Value,FCLKCortexFreq_Value,FamilyName,HCLKFreq_Value,HSE_VALUE,HSI_VALUE,I2C1Freq_Value,I2C2Freq_Value,I2C3Freq_Value,I2C4Freq_Value,I2SFreq_Value,LCDTFTFreq_Value,LPTIM1Freq_Value,LSE_VALUE,LSI_VALUE,MCO2PinFreq_Value,PLLCLKFreq_Value,PLLDSIFreq_Value,PLLDSIVCOFreq_Value,PLLI2SPCLKFreq_Value,PLLI2SQCLKFreq_Value,PLLI2SRCLKFreq_Value,PLLI2SRoutputFreq_Value,PLLM,PLLN,PLLQCLKFreq_Value,PLLQoutputFreq_Value,PLLRFreq_Value,PLLSAIN,PLLSAIPCLKFreq_Value,PLLSAIQCLKFreq_Value,PLLSAIR,PLLSAIRCLKFreq_Value,PLLSAIoutputFreq_Value,PLLSourceVirtual,RNGFreq_Value,SAI1Freq_Value,SAI2Freq_Value,SDMMC2Freq_Value,SDMMCFreq_Value,SPDIFRXFreq_Value,SYSCLKFreq_VALUE,SYSCLKSource,UART4Freq_Value,UART5Freq_Value,UART7Freq_Value,UART8Freq_Value,USART1Freq_Value,USART2Freq_Value,USART3Freq_Value,USART6Freq_Value,USBFreq_Value,VCOI2SOutputFreq_Value,VCOInputFreq_Value,VCOOutputFreq_Value,VCOSAIOutputFreq_Value
RCC.LCDTFTFreq_Value=27428571.42857143
RCC.LPTIM1Freq_Value=54000000
RCC.LSE_VALUE=32768
RCC.LSI_VALUE=32000
RCC.MCO2PinFreq_Value=216000000
RCC.PLLCLKFreq_Value=216000000
RCC.PLLDSIFreq_Value=500000000
RCC.PLLDSIVCOFreq_Value=1000000000
RCC.PLLI2SPCLKFreq_Value=96000000
RCC.PLLI2SQCLKFreq_Value=96000000
RCC.PLLI2SRCLKFreq_Value=96000000
RCC.PLLI2SRoutputFreq_Value=96000000
RCC.PLLM=25
RCC.PLLN=432
RCC.PLLQCLKFreq_Value=216000000
RCC.PLLQoutputFreq_Value=216000000
RCC.PLLRFreq_Value=216000000
RCC.PLLSAIN=384
RCC.PLLSAIPCLKFreq_Value=192000000
RCC.PLLSAIQCLKFreq_Value=192000000
RCC.PLLSAIR=7
RCC.PLLSAIRCLKFreq_Value=54857142.85714286
RCC.PLLSAIoutputFreq_Value=192000000
RCC.PLLSourceVirtual=RCC_PLLSOURCE_HSE
RCC.RNGFreq_Value=216000000
RCC.SAI1Freq_Value=192000000
RCC.SAI2Freq_Value=192000000
RCC.SDMMC2Freq_Value=216000000
RCC.SDMMCFreq_Value=216000000
RCC.SPDIFRXFreq_Value=96000000
RCC.SYSCLKFreq_VALUE=216000000
RCC.SYSCLKSource=RCC_SYSCLKSOURCE_PLLCLK
RCC.UART4Freq_Value=54000000
RCC.UART5Freq_Value=54000000
RCC.UART7Freq_Value=54000000
RCC.UART8Freq_Value=54000000
RCC.USART1Freq_Value=108000000
RCC.USART2Freq_Value=54000000
RCC.USART3Freq_Value=54000000
RCC.USART6Freq_Value=108000000
RCC.USBFreq_Value=216000000
RCC.VCOI2SOutputFreq_Value=192000000
RCC.VCOInputFreq_Value=1000000
RCC.VCOOutputFreq_Value=432000000
RCC.VCOSAIOutputFreq_Value=384000000
SH.FMC_A0.0=FMC_A0,12b-sda1
SH.FMC_A0.ConfNb=1
SH.FMC_A1.0=FMC_A1,12b-sda1
SH.FMC_A1.ConfNb=1
SH.FMC_A10.0=FMC_A10,12b-sda1
SH.FMC_A10.ConfNb=1
SH.FMC_A11.0=FMC_A11,12b-sda1
SH.FMC_A11.ConfNb=1
SH.FMC_A14_BA0.0=FMC_BA0,FourSdramBanks1
SH.FMC_A14_BA0.ConfNb=1
SH.FMC_A15_BA1.0=FMC_BA1,FourSdramBanks1
SH.FMC_A15_BA1.ConfNb=1
SH.FMC_A2.0=FMC_A2,12b-sda1
SH.FMC_A2.ConfNb=1
SH.FMC_A3.0=FMC_A3,12b-sda1
SH.FMC_A3.ConfNb=1
SH.FMC_A4.0=FMC_A4,12b-sda1
SH.FMC_A4.ConfNb=1
SH.FMC_A5.0=FMC_A5,12b-sda1
SH.FMC_A5.ConfNb=1
SH.FMC_A6.0=FMC_A6,12b-sda1
SH.FMC_A6.ConfNb=1
SH.FMC_A7.0=FMC_A7,12b-sda1
SH.FMC_A7.ConfNb=1
SH.FMC_A8.0=FMC_A8,12b-sda1
SH.FMC_A8.ConfNb=1
SH.FMC_A9.0=FMC_A9,12b-sda1
SH.FMC_A9.ConfNb=1
SH.FMC_D0_DA0.0=FMC_D0,sd-32b-d1
SH.FMC_D0_DA0.ConfNb=1
SH.FMC_D10_DA10.0=FMC_D10,sd-32b-d1
SH.FMC_D10_DA10.ConfNb=1
SH.FMC_D11_DA11.0=FMC_D11,sd-32b-d1
SH.FMC_D11_DA11.ConfNb=1
SH.FMC_D12_DA12.0=FMC_D12,sd-32b-d1
SH.FMC_D12_DA12.ConfNb=1
SH.FMC_D13_DA13.0=FMC_D13,sd-32b-d1
SH.FMC_D13_DA13.ConfNb=1
SH.FMC_D14_DA14.0=FMC_D14,sd-32b-d1
SH.FMC_D14_DA14.ConfNb=1
SH.FMC_D15_DA15.0=FMC_D15,sd-32b-d1
SH.FMC_D15_DA15.ConfNb=1
SH.FMC_D16.0=FMC_D16,sd-32b-d1
SH.FMC_D16.ConfNb=1
SH.FMC_D17.0=FMC_D17,sd-32b-d1
SH.FMC_D17.ConfNb=1
SH.FMC_D18.0=FMC_D18,sd-32b-d1
SH.FMC_D18.ConfNb=1
SH.FMC_D19.0=FMC_D19,sd-32b-d1
SH.FMC_D19.ConfNb=1
SH.FMC_D1_DA1.0=FMC_D1,sd-32b-d1
SH.FMC_D1_DA1.ConfNb=1
SH.FMC_D20.0=FMC_D20,sd-32b-d1
SH.FMC_D20.ConfNb=1
SH.FMC_D21.0=FMC_D21,sd-32b-d1
SH.FMC_D21.ConfNb=1
SH.FMC_D22.0=FMC_D22,sd-32b-d1
SH.FMC_D22.ConfNb=1
SH.FMC_D23.0=FMC_D23,sd-32b-d1
SH.FMC_D23.ConfNb=1
SH.FMC_D24.0=FMC_D24,sd-32b-d1
SH.FMC_D24.ConfNb=1
SH.FMC_D25.0=FMC_D25,sd-32b-d1
SH.FMC_D25.ConfNb=1
SH.FMC_D26.0=FMC_D26,sd-32b-d1
SH.FMC_D26.ConfNb=1
SH.FMC_D27.0=FMC_D27,sd-32b-d1
SH.FMC_D27.ConfNb=1
SH.FMC_D28.0=FMC_D28,sd-32b-d1
SH.FMC_D28.ConfNb=1
SH.FMC_D29.0=FMC_D29,sd-32b-d1
SH.FMC_D29.ConfNb=1
SH.FMC_D2_DA2.0=FMC_D2,sd-32b-d1
SH.FMC_D2_DA2.ConfNb=1
SH.FMC_D30.0=FMC_D30,sd-32b-d1
SH.FMC_D30.ConfNb=1
SH.FMC_D31.0=FMC_D31,sd-32b-d1
SH.FMC_D31.ConfNb=1
SH.FMC_D3_DA3.0=FMC_D3,sd-32b-d1
SH.FMC_D3_DA3.ConfNb=1
SH.FMC_D4_DA4.0=FMC_D4,sd-32b-d1
SH.FMC_D4_DA4.ConfNb=1
SH.FMC_D5_DA5.0=FMC_D5,sd-32b-d1
SH.FMC_D5_DA5.ConfNb=1
SH.FMC_D6_DA6.0=FMC_D6,sd-32b-d1
SH.FMC_D6_DA6.ConfNb=1
SH.FMC_D7_DA7.0=FMC_D7,sd-32b-d1
SH.FMC_D7_DA7.ConfNb=1
SH.FMC_D8_DA8.0=FMC_D8,sd-32b-d1
SH.FMC_D8_DA8.ConfNb=1
SH.FMC_D9_DA9.0=FMC_D9,sd-32b-d1
SH.FMC_D9_DA9.ConfNb=1
SH.FMC_NBL0.0=FMC_NBL0,Sd4ByteEnable1
SH.FMC_NBL0.ConfNb=1
SH.FMC_NBL1.0=FMC_NBL1,Sd4ByteEnable1
SH.FMC_NBL1.ConfNb=1
SH.FMC_NBL2.0=FMC_NBL2,Sd4ByteEnable1
SH.FMC_NBL2.ConfNb=1
SH.FMC_NBL3.0=FMC_NBL3,Sd4ByteEnable1
SH.FMC_NBL3.ConfNb=1
SH.FMC_SDCLK.0=FMC_SDCLK,12b-sda1
SH.FMC_SDCLK.ConfNb=1
SH.FMC_SDNCAS.0=FMC_SDNCAS,12b-sda1
SH.FMC_SDNCAS.ConfNb=1
SH.FMC_SDNRAS.0=FMC_SDNRAS,12b-sda1
SH.FMC_SDNRAS.ConfNb=1
SH.FMC_SDNWE.0=FMC_SDNWE,12b-sda1
SH.FMC_SDNWE.ConfNb=1
VP_LTDC_DSIMode.Mode=RGB888
VP_LTDC_DSIMode.Signal=LTDC_DSIMode
board=custom
isbadioc=false
